{
  "name": "@laboverwire/sync-store",
  "version": "0.1.0",
  "lockfileVersion": 3,
  "requires": true,
  "packages": {
    "": {
      "name": "@laboverwire/sync-store",
      "version": "0.1.0",
      "dependencies": {
        "mqdb-wasm": "^0.2.0",
        "mqtt5-wasm": "^1.0.0"
      },
      "devDependencies": {
        "@types/react": "^19.2.14",
        "typescript": "^5.9.3"
      },
      "peerDependencies": {
        "react": "^19.0.0"
      }
    },
    "../../../../MQDB/crates/mqdb-wasm/pkg": {
      "name": "mqdb-wasm",
      "version": "0.2.0"
    },
    "node_modules/@types/react": {
      "version": "19.2.14",
      "resolved": "https://registry.npmjs.org/@types/react/-/react-19.2.14.tgz",
      "integrity": "sha512-ilcTH/UniCkMdtexkoCN0bI7pMcJDvmQFPvuPvmEaYA/NSfFTAgdUSLAoVjaRJm7+6PvcM+q1zYOwS4wTYMF9w==",
      "dev": true,
      "license": "MIT",
      "dependencies": {
        "csstype": "^3.2.2"
      }
    },
    "node_modules/csstype": {
      "version": "3.2.3",
      "resolved": "https://registry.npmjs.org/csstype/-/csstype-3.2.3.tgz",
      "integrity": "sha512-z1HGKcYy2xA8AGQfwrn0PAy+PB7X/GSj3UVJW9qKyn43xWa+gl5nXmU4qqLMRzWVLFC8KusUX8T/0kCiOYpAIQ==",
      "dev": true,
      "license": "MIT"
    },
    "node_modules/mqdb-wasm": {
      "resolved": "../../../../MQDB/crates/mqdb-wasm/pkg",
      "link": true
    },
    "node_modules/mqtt5-wasm": {
      "version": "1.0.0",
      "resolved": "https://registry.npmjs.org/mqtt5-wasm/-/mqtt5-wasm-1.0.0.tgz",
      "integrity": "sha512-ee697OxbJFk9du9yXYY4D737cb6jBC9TufEKItMBu57TqjLXs17LsIIV5V9cYJAztL8nm6UPkR3+OHRbDF+v2w==",
      "license": "MIT OR Apache-2.0"
    },
    "node_modules/react": {
      "version": "19.2.4",
      "resolved": "https://registry.npmjs.org/react/-/react-19.2.4.tgz",
      "integrity": "sha512-9nfp2hYpCwOjAN+8TZFGhtWEwgvWHXqESH8qT89AT/lWklpLON22Lc8pEtnpsZz7VmawabSU0gCjnj8aC0euHQ==",
      "license": "MIT",
      "peer": true,
      "engines": {
        "node": ">=0.10.0"
      }
    },
    "node_modules/typescript": {
      "version": "5.9.3",
      "resolved": "https://registry.npmjs.org/typescript/-/typescript-5.9.3.tgz",
      "integrity": "sha512-jl1vZzPDinLr9eUt3J/t7V6FgNEw9QjvBPdysz9KfQDD41fQrC2Y4vKQdiaUpFT4bXlb1RHhLpp8wtm6M5TgSw==",
      "dev": true,
      "license": "Apache-2.0",
      "bin": {
        "tsc": "bin/tsc",
        "tsserver": "bin/tsserver"
      },
      "engines": {
        "node": ">=14.17"
      }
    }
  }
}
